
Microsoft Visual Studio Solution File, Format Version 12.00
# Visual Studio Version 17
VisualStudioVersion = 17.4.33110.190
MinimumVisualStudioVersion = 10.0.40219.1
Project("{9A19103F-16F7-4668-BE54-9A1E7A4F7556}") = "Fujitsu_eSignPO", "Fujitsu_eSignPO\Fujitsu_eSignPO.csproj", "{853F2181-ECE5-42C6-9C5C-ADA2CB38C4CD}"
EndProject
Project("{FAE04EC0-301F-11D3-BF4B-00C04F79EFBC}") = "ReportDesign", "ReportDesign\ReportDesign.csproj", "{85D9AF90-B316-4727-851F-DB298D169CDD}"
EndProject
Global
	GlobalSection(SolutionConfigurationPlatforms) = preSolution
		Debug|Any CPU = Debug|Any CPU
		Release|Any CPU = Release|Any CPU
	EndGlobalSection
	GlobalSection(ProjectConfigurationPlatforms) = postSolution
		{853F2181-ECE5-42C6-9C5C-ADA2CB38C4CD}.Debug|Any CPU.ActiveCfg = Debug|Any CPU
		{853F2181-ECE5-42C6-9C5C-ADA2CB38C4CD}.Debug|Any CPU.Build.0 = Debug|Any CPU
		{853F2181-ECE5-42C6-9C5C-ADA2CB38C4CD}.Release|Any CPU.ActiveCfg = Debug|Any CPU
		{853F2181-ECE5-42C6-9C5C-ADA2CB38C4CD}.Release|Any CPU.Build.0 = Debug|Any CPU
		{85D9AF90-B316-4727-851F-DB298D169CDD}.Debug|Any CPU.ActiveCfg = Debug|Any CPU
		{85D9AF90-B316-4727-851F-DB298D169CDD}.Debug|Any CPU.Build.0 = Debug|Any CPU
		{85D9AF90-B316-4727-851F-DB298D169CDD}.Release|Any CPU.ActiveCfg = Debug|Any CPU
		{85D9AF90-B316-4727-851F-DB298D169CDD}.Release|Any CPU.Build.0 = Debug|Any CPU
	EndGlobalSection
	GlobalSection(SolutionProperties) = preSolution
		HideSolutionNode = FALSE
	EndGlobalSection
	GlobalSection(ExtensibilityGlobals) = postSolution
		SolutionGuid = {2B3F5ED7-424A-481A-89FA-3896C8096658}
	EndGlobalSection
EndGlobal
